
Microsoft Visual Studio Solution File, Format Version 12.00
# Visual Studio 15
VisualStudioVersion = 15.0.28307.1169
MinimumVisualStudioVersion = 10.0.40219.1
Project("{9A19103F-16F7-4668-BE54-9A1E7A4F7556}") = "MoodAnalyser", "MoodAnalyser\MoodAnalyser.csproj", "{11ADB956-503A-40E6-BA08-A07FBE1C7177}"
EndProject
Project("{9A19103F-16F7-4668-BE54-9A1E7A4F7556}") = "AnalyserTest", "AnalyserTest\AnalyserTest.csproj", "{33A56889-B568-4BAE-A1E2-6997452AAF5B}"
EndProject
Global
	GlobalSection(SolutionConfigurationPlatforms) = preSolution
		Debug|Any CPU = Debug|Any CPU
		Release|Any CPU = Release|Any CPU
	EndGlobalSection
	GlobalSection(ProjectConfigurationPlatforms) = postSolution
		{11ADB956-503A-40E6-BA08-A07FBE1C7177}.Debug|Any CPU.ActiveCfg = Debug|Any CPU
		{11ADB956-503A-40E6-BA08-A07FBE1C7177}.Debug|Any CPU.Build.0 = Debug|Any CPU
		{11ADB956-503A-40E6-BA08-A07FBE1C7177}.Release|Any CPU.ActiveCfg = Release|Any CPU
		{11ADB956-503A-40E6-BA08-A07FBE1C7177}.Release|Any CPU.Build.0 = Release|Any CPU
		{33A56889-B568-4BAE-A1E2-6997452AAF5B}.Debug|Any CPU.ActiveCfg = Debug|Any CPU
		{33A56889-B568-4BAE-A1E2-6997452AAF5B}.Debug|Any CPU.Build.0 = Debug|Any CPU
		{33A56889-B568-4BAE-A1E2-6997452AAF5B}.Release|Any CPU.ActiveCfg = Release|Any CPU
		{33A56889-B568-4BAE-A1E2-6997452AAF5B}.Release|Any CPU.Build.0 = Release|Any CPU
	EndGlobalSection
	GlobalSection(SolutionProperties) = preSolution
		HideSolutionNode = FALSE
	EndGlobalSection
	GlobalSection(ExtensibilityGlobals) = postSolution
		SolutionGuid = {498D3F41-8083-4C6A-B02D-7AD00B147061}
	EndGlobalSection
EndGlobal
